{
  "nodes": {
    "agenix": {
      "inputs": {
        "darwin": [],
        "home-manager": "home-manager",
        "nixpkgs": [
          "nixpkgs"
        ]
      },
      "locked": {
        "lastModified": 1684153753,
        "narHash": "sha256-PVbWt3qrjYAK+T5KplFcO+h7aZWfEj1UtyoKlvcDxh0=",
        "owner": "ryantm",
        "repo": "agenix",
        "rev": "db5637d10f797bb251b94ef9040b237f4702cde3",
        "type": "github"
      },
      "original": {
        "owner": "ryantm",
        "repo": "agenix",
        "type": "github"
      }
    },
    "home-manager": {
      "inputs": {
        "nixpkgs": [
          "agenix",
          "nixpkgs"
        ]
      },
      "locked": {
        "lastModified": 1682203081,
        "narHash": "sha256-kRL4ejWDhi0zph/FpebFYhzqlOBrk0Pl3dzGEKSAlEw=",
        "owner": "nix-community",
        "repo": "home-manager",
        "rev": "32d3e39c491e2f91152c84f8ad8b003420eab0a1",
        "type": "github"
      },
      "original": {
        "owner": "nix-community",
        "repo": "home-manager",
        "type": "github"
      }
    },
    "nixpkgs": {
      "locked": {
        "lastModified": 1687793116,
        "narHash": "sha256-6xRgZ2E9r/BNam87vMkHJ/0EPTTKzeNwhw3abKilEE4=",
        "owner": "NixOS",
        "repo": "nixpkgs",
        "rev": "9e4e0807d2142d17f463b26a8b796b3fe20a3011",
        "type": "github"
      },
      "original": {
        "id": "nixpkgs",
        "type": "indirect"
      }
    },
    "root": {
      "inputs": {
        "agenix": "agenix",
        "nixpkgs": "nixpkgs"
      }
    }
  },
  "root": "root",
  "version": 7
}
