{
  "nodes": {
    "agenix": {
      "inputs": {
        "darwin": [],
        "nixpkgs": [
          "nixpkgs"
        ]
      },
      "locked": {
        "lastModified": 1680281360,
        "narHash": "sha256-XdLTgAzjJNDhAG2V+++0bHpSzfvArvr2pW6omiFfEJk=",
        "owner": "ryantm",
        "repo": "agenix",
        "rev": "e64961977f60388dd0b49572bb0fc453b871f896",
        "type": "github"
      },
      "original": {
        "owner": "ryantm",
        "repo": "agenix",
        "type": "github"
      }
    },
    "nixpkgs": {
      "locked": {
        "lastModified": 1681064623,
        "narHash": "sha256-UngFykv8KTrjxFeu4ZMvsOwFrxsa0A3ZPwyLhxb0Rrs=",
        "owner": "NixOS",
        "repo": "nixpkgs",
        "rev": "da0b0bc6a5d699a8a9ffbf9e1b19e8642307062a",
        "type": "github"
      },
      "original": {
        "id": "nixpkgs",
        "type": "indirect"
      }
    },
    "root": {
      "inputs": {
        "agenix": "agenix",
        "nixpkgs": "nixpkgs"
      }
    }
  },
  "root": "root",
  "version": 7
}
